
Microsoft Visual Studio Solution File, Format Version 12.00
# Visual Studio Version 16
VisualStudioVersion = 16.0.32126.315
MinimumVisualStudioVersion = 10.0.40219.1
Project("{FAE04EC0-301F-11D3-BF4B-00C04F79EFBC}") = "BookShop", "BookShop\BookShop.csproj", "{63961146-0CF0-4F9E-99A1-D83C197A60EE}"
EndProject
Global
	GlobalSection(SolutionConfigurationPlatforms) = preSolution
		Debug|Any CPU = Debug|Any CPU
		Release|Any CPU = Release|Any CPU
	EndGlobalSection
	GlobalSection(ProjectConfigurationPlatforms) = postSolution
		{63961146-0CF0-4F9E-99A1-D83C197A60EE}.Debug|Any CPU.ActiveCfg = Debug|Any CPU
		{63961146-0CF0-4F9E-99A1-D83C197A60EE}.Debug|Any CPU.Build.0 = Debug|Any CPU
		{63961146-0CF0-4F9E-99A1-D83C197A60EE}.Release|Any CPU.ActiveCfg = Release|Any CPU
		{63961146-0CF0-4F9E-99A1-D83C197A60EE}.Release|Any CPU.Build.0 = Release|Any CPU
	EndGlobalSection
	GlobalSection(SolutionProperties) = preSolution
		HideSolutionNode = FALSE
	EndGlobalSection
	GlobalSection(ExtensibilityGlobals) = postSolution
		SolutionGuid = {4ECD897F-EA40-48A0-8789-12B97ECEF4C0}
	EndGlobalSection
EndGlobal
